
Microsoft Visual Studio Solution File, Format Version 12.00
# Visual Studio Version 16
VisualStudioVersion = 16.0.31205.134
MinimumVisualStudioVersion = 10.0.40219.1
Project("{9A19103F-16F7-4668-BE54-9A1E7A4F7556}") = "CapaLogicaDeNegocio", "Parcial 1 de LAB II\CapaLogicaDeNegocio.csproj", "{F900C417-3A48-4E2E-8D68-51E896D64323}"
EndProject
Global
	GlobalSection(SolutionConfigurationPlatforms) = preSolution
		Debug|Any CPU = Debug|Any CPU
		Release|Any CPU = Release|Any CPU
	EndGlobalSection
	GlobalSection(ProjectConfigurationPlatforms) = postSolution
		{F900C417-3A48-4E2E-8D68-51E896D64323}.Debug|Any CPU.ActiveCfg = Debug|Any CPU
		{F900C417-3A48-4E2E-8D68-51E896D64323}.Debug|Any CPU.Build.0 = Debug|Any CPU
		{F900C417-3A48-4E2E-8D68-51E896D64323}.Release|Any CPU.ActiveCfg = Release|Any CPU
		{F900C417-3A48-4E2E-8D68-51E896D64323}.Release|Any CPU.Build.0 = Release|Any CPU
	EndGlobalSection
	GlobalSection(SolutionProperties) = preSolution
		HideSolutionNode = FALSE
	EndGlobalSection
	GlobalSection(ExtensibilityGlobals) = postSolution
		SolutionGuid = {CB3E627A-BDD8-4631-B332-53B65483B8DA}
	EndGlobalSection
EndGlobal
